
Microsoft Visual Studio Solution File, Format Version 12.00
Project("{FAE04EC0-301F-11D3-BF4B-00C04F79EFBC}") = "SMSEmployeeHack", "SMSEmployeeHack\SMSEmployeeHack.csproj", "{BB588181-C1A8-4D6E-87F3-9CFBF5E85980}"
EndProject
Project("{FAE04EC0-301F-11D3-BF4B-00C04F79EFBC}") = "SMSEmployeeInjector", "SMSEmployeeInjector\SMSEmployeeInjector.csproj", "{EBE03F55-8BEC-4F62-97AD-0CF5437BA473}"
EndProject
Global
	GlobalSection(SolutionConfigurationPlatforms) = preSolution
		Debug|Any CPU = Debug|Any CPU
		Release|Any CPU = Release|Any CPU
	EndGlobalSection
	GlobalSection(ProjectConfigurationPlatforms) = postSolution
		{BB588181-C1A8-4D6E-87F3-9CFBF5E85980}.Debug|Any CPU.ActiveCfg = Debug|Any CPU
		{BB588181-C1A8-4D6E-87F3-9CFBF5E85980}.Debug|Any CPU.Build.0 = Debug|Any CPU
		{BB588181-C1A8-4D6E-87F3-9CFBF5E85980}.Release|Any CPU.ActiveCfg = Release|Any CPU
		{BB588181-C1A8-4D6E-87F3-9CFBF5E85980}.Release|Any CPU.Build.0 = Release|Any CPU
		{EBE03F55-8BEC-4F62-97AD-0CF5437BA473}.Debug|Any CPU.ActiveCfg = Debug|Any CPU
		{EBE03F55-8BEC-4F62-97AD-0CF5437BA473}.Debug|Any CPU.Build.0 = Debug|Any CPU
		{EBE03F55-8BEC-4F62-97AD-0CF5437BA473}.Release|Any CPU.ActiveCfg = Release|Any CPU
		{EBE03F55-8BEC-4F62-97AD-0CF5437BA473}.Release|Any CPU.Build.0 = Release|Any CPU
	EndGlobalSection
EndGlobal
